
Microsoft Visual Studio Solution File, Format Version 12.00
# Visual Studio 15
VisualStudioVersion = 15.0.26430.13
MinimumVisualStudioVersion = 10.0.40219.1
Project("{FAE04EC0-301F-11D3-BF4B-00C04F79EFBC}") = "Sensor", "Sensor\Sensor.csproj", "{1806F210-0DDC-4D90-BBE1-23E7FA7EFAC4}"
EndProject
Project("{FAE04EC0-301F-11D3-BF4B-00C04F79EFBC}") = "EventHubReceiver", "EventHubReceiver\EventHubReceiver.csproj", "{C43A275B-296B-477C-A023-17B5F9BCFD9F}"
EndProject
Project("{2150E333-8FDC-42A3-9474-1A3956D46DE8}") = "Client", "Client", "{607B2C53-FC61-4D21-B16C-8615A2583239}"
EndProject
Project("{FAE04EC0-301F-11D3-BF4B-00C04F79EFBC}") = "CreateDeviceIdentity", "CreateDeviceIdentity\CreateDeviceIdentity.csproj", "{FCC12810-6A10-4E12-9CC1-6E13C51D8D37}"
EndProject
Project("{FAE04EC0-301F-11D3-BF4B-00C04F79EFBC}") = "ReadDeviceToCloudMessages", "ReadDeviceToCloudMessages\ReadDeviceToCloudMessages.csproj", "{7B9E0621-466C-43D1-AE95-4AAB9C785175}"
EndProject
Project("{FAE04EC0-301F-11D3-BF4B-00C04F79EFBC}") = "Wienterruptions.Android", "Wienterruptions\Wienterruptions.Android\Wienterruptions.Android.csproj", "{E0EC8FA5-E701-49EE-B901-E015B16684EF}"
EndProject
Project("{FAE04EC0-301F-11D3-BF4B-00C04F79EFBC}") = "Wienterruptions", "Wienterruptions\Wienterruptions\Wienterruptions.csproj", "{4EA62EEF-F245-4366-A79C-E6206F763B94}"
EndProject
Project("{FAE04EC0-301F-11D3-BF4B-00C04F79EFBC}") = "Wienterruptions.UWP", "Wienterruptions\Wienterruptions.UWP\Wienterruptions.UWP.csproj", "{DB270809-C994-4630-84DD-A89B46812909}"
EndProject
Project("{FAE04EC0-301F-11D3-BF4B-00C04F79EFBC}") = "SendCloudToDevice", "SendCloudToDevice\SendCloudToDevice.csproj", "{96A7AC38-83DD-4A2E-8E78-4112A6F7A5AF}"
EndProject
Project("{FAE04EC0-301F-11D3-BF4B-00C04F79EFBC}") = "BlobStorageManipulator", "BlobStorageManipulator\BlobStorageManipulator.csproj", "{870F4059-E21B-4A3E-A160-35336F7EDFDD}"
EndProject
Global
	GlobalSection(SolutionConfigurationPlatforms) = preSolution
		Ad-Hoc|Any CPU = Ad-Hoc|Any CPU
		Ad-Hoc|ARM = Ad-Hoc|ARM
		Ad-Hoc|iPhone = Ad-Hoc|iPhone
		Ad-Hoc|iPhoneSimulator = Ad-Hoc|iPhoneSimulator
		Ad-Hoc|x64 = Ad-Hoc|x64
		Ad-Hoc|x86 = Ad-Hoc|x86
		AppStore|Any CPU = AppStore|Any CPU
		AppStore|ARM = AppStore|ARM
		AppStore|iPhone = AppStore|iPhone
		AppStore|iPhoneSimulator = AppStore|iPhoneSimulator
		AppStore|x64 = AppStore|x64
		AppStore|x86 = AppStore|x86
		Debug|Any CPU = Debug|Any CPU
		Debug|ARM = Debug|ARM
		Debug|iPhone = Debug|iPhone
		Debug|iPhoneSimulator = Debug|iPhoneSimulator
		Debug|x64 = Debug|x64
		Debug|x86 = Debug|x86
		Release|Any CPU = Release|Any CPU
		Release|ARM = Release|ARM
		Release|iPhone = Release|iPhone
		Release|iPhoneSimulator = Release|iPhoneSimulator
		Release|x64 = Release|x64
		Release|x86 = Release|x86
	EndGlobalSection
	GlobalSection(ProjectConfigurationPlatforms) = postSolution
		{1806F210-0DDC-4D90-BBE1-23E7FA7EFAC4}.Ad-Hoc|Any CPU.ActiveCfg = Release|Any CPU
		{1806F210-0DDC-4D90-BBE1-23E7FA7EFAC4}.Ad-Hoc|Any CPU.Build.0 = Release|Any CPU
		{1806F210-0DDC-4D90-BBE1-23E7FA7EFAC4}.Ad-Hoc|ARM.ActiveCfg = Release|Any CPU
		{1806F210-0DDC-4D90-BBE1-23E7FA7EFAC4}.Ad-Hoc|ARM.Build.0 = Release|Any CPU
		{1806F210-0DDC-4D90-BBE1-23E7FA7EFAC4}.Ad-Hoc|iPhone.ActiveCfg = Release|Any CPU
		{1806F210-0DDC-4D90-BBE1-23E7FA7EFAC4}.Ad-Hoc|iPhone.Build.0 = Release|Any CPU
		{1806F210-0DDC-4D90-BBE1-23E7FA7EFAC4}.Ad-Hoc|iPhoneSimulator.ActiveCfg = Release|Any CPU
		{1806F210-0DDC-4D90-BBE1-23E7FA7EFAC4}.Ad-Hoc|iPhoneSimulator.Build.0 = Release|Any CPU
		{1806F210-0DDC-4D90-BBE1-23E7FA7EFAC4}.Ad-Hoc|x64.ActiveCfg = Release|Any CPU
		{1806F210-0DDC-4D90-BBE1-23E7FA7EFAC4}.Ad-Hoc|x64.Build.0 = Release|Any CPU
		{1806F210-0DDC-4D90-BBE1-23E7FA7EFAC4}.Ad-Hoc|x86.ActiveCfg = Release|Any CPU
		{1806F210-0DDC-4D90-BBE1-23E7FA7EFAC4}.Ad-Hoc|x86.Build.0 = Release|Any CPU
		{1806F210-0DDC-4D90-BBE1-23E7FA7EFAC4}.AppStore|Any CPU.ActiveCfg = Release|Any CPU
		{1806F210-0DDC-4D90-BBE1-23E7FA7EFAC4}.AppStore|Any CPU.Build.0 = Release|Any CPU
		{1806F210-0DDC-4D90-BBE1-23E7FA7EFAC4}.AppStore|ARM.ActiveCfg = Release|Any CPU
		{1806F210-0DDC-4D90-BBE1-23E7FA7EFAC4}.AppStore|ARM.Build.0 = Release|Any CPU
		{1806F210-0DDC-4D90-BBE1-23E7FA7EFAC4}.AppStore|iPhone.ActiveCfg = Release|Any CPU
		{1806F210-0DDC-4D90-BBE1-23E7FA7EFAC4}.AppStore|iPhone.Build.0 = Release|Any CPU
		{1806F210-0DDC-4D90-BBE1-23E7FA7EFAC4}.AppStore|iPhoneSimulator.ActiveCfg = Release|Any CPU
		{1806F210-0DDC-4D90-BBE1-23E7FA7EFAC4}.AppStore|iPhoneSimulator.Build.0 = Release|Any CPU
		{1806F210-0DDC-4D90-BBE1-23E7FA7EFAC4}.AppStore|x64.ActiveCfg = Release|Any CPU
		{1806F210-0DDC-4D90-BBE1-23E7FA7EFAC4}.AppStore|x64.Build.0 = Release|Any CPU
		{1806F210-0DDC-4D90-BBE1-23E7FA7EFAC4}.AppStore|x86.ActiveCfg = Release|Any CPU
		{1806F210-0DDC-4D90-BBE1-23E7FA7EFAC4}.AppStore|x86.Build.0 = Release|Any CPU
		{1806F210-0DDC-4D90-BBE1-23E7FA7EFAC4}.Debug|Any CPU.ActiveCfg = Debug|Any CPU
		{1806F210-0DDC-4D90-BBE1-23E7FA7EFAC4}.Debug|Any CPU.Build.0 = Debug|Any CPU
		{1806F210-0DDC-4D90-BBE1-23E7FA7EFAC4}.Debug|ARM.ActiveCfg = Debug|Any CPU
		{1806F210-0DDC-4D90-BBE1-23E7FA7EFAC4}.Debug|ARM.Build.0 = Debug|Any CPU
		{1806F210-0DDC-4D90-BBE1-23E7FA7EFAC4}.Debug|iPhone.ActiveCfg = Debug|Any CPU
		{1806F210-0DDC-4D90-BBE1-23E7FA7EFAC4}.Debug|iPhone.Build.0 = Debug|Any CPU
		{1806F210-0DDC-4D90-BBE1-23E7FA7EFAC4}.Debug|iPhoneSimulator.ActiveCfg = Debug|Any CPU
		{1806F210-0DDC-4D90-BBE1-23E7FA7EFAC4}.Debug|iPhoneSimulator.Build.0 = Debug|Any CPU
		{1806F210-0DDC-4D90-BBE1-23E7FA7EFAC4}.Debug|x64.ActiveCfg = Debug|Any CPU
		{1806F210-0DDC-4D90-BBE1-23E7FA7EFAC4}.Debug|x64.Build.0 = Debug|Any CPU
		{1806F210-0DDC-4D90-BBE1-23E7FA7EFAC4}.Debug|x86.ActiveCfg = Debug|Any CPU
		{1806F210-0DDC-4D90-BBE1-23E7FA7EFAC4}.Debug|x86.Build.0 = Debug|Any CPU
		{1806F210-0DDC-4D90-BBE1-23E7FA7EFAC4}.Release|Any CPU.ActiveCfg = Release|Any CPU
		{1806F210-0DDC-4D90-BBE1-23E7FA7EFAC4}.Release|Any CPU.Build.0 = Release|Any CPU
		{1806F210-0DDC-4D90-BBE1-23E7FA7EFAC4}.Release|ARM.ActiveCfg = Release|Any CPU
		{1806F210-0DDC-4D90-BBE1-23E7FA7EFAC4}.Release|ARM.Build.0 = Release|Any CPU
		{1806F210-0DDC-4D90-BBE1-23E7FA7EFAC4}.Release|iPhone.ActiveCfg = Release|Any CPU
		{1806F210-0DDC-4D90-BBE1-23E7FA7EFAC4}.Release|iPhone.Build.0 = Release|Any CPU
		{1806F210-0DDC-4D90-BBE1-23E7FA7EFAC4}.Release|iPhoneSimulator.ActiveCfg = Release|Any CPU
		{1806F210-0DDC-4D90-BBE1-23E7FA7EFAC4}.Release|iPhoneSimulator.Build.0 = Release|Any CPU
		{1806F210-0DDC-4D90-BBE1-23E7FA7EFAC4}.Release|x64.ActiveCfg = Release|Any CPU
		{1806F210-0DDC-4D90-BBE1-23E7FA7EFAC4}.Release|x64.Build.0 = Release|Any CPU
		{1806F210-0DDC-4D90-BBE1-23E7FA7EFAC4}.Release|x86.ActiveCfg = Release|Any CPU
		{1806F210-0DDC-4D90-BBE1-23E7FA7EFAC4}.Release|x86.Build.0 = Release|Any CPU
		{C43A275B-296B-477C-A023-17B5F9BCFD9F}.Ad-Hoc|Any CPU.ActiveCfg = Release|Any CPU
		{C43A275B-296B-477C-A023-17B5F9BCFD9F}.Ad-Hoc|Any CPU.Build.0 = Release|Any CPU
		{C43A275B-296B-477C-A023-17B5F9BCFD9F}.Ad-Hoc|ARM.ActiveCfg = Release|Any CPU
		{C43A275B-296B-477C-A023-17B5F9BCFD9F}.Ad-Hoc|ARM.Build.0 = Release|Any CPU
		{C43A275B-296B-477C-A023-17B5F9BCFD9F}.Ad-Hoc|iPhone.ActiveCfg = Release|Any CPU
		{C43A275B-296B-477C-A023-17B5F9BCFD9F}.Ad-Hoc|iPhone.Build.0 = Release|Any CPU
		{C43A275B-296B-477C-A023-17B5F9BCFD9F}.Ad-Hoc|iPhoneSimulator.ActiveCfg = Release|Any CPU
		{C43A275B-296B-477C-A023-17B5F9BCFD9F}.Ad-Hoc|iPhoneSimulator.Build.0 = Release|Any CPU
		{C43A275B-296B-477C-A023-17B5F9BCFD9F}.Ad-Hoc|x64.ActiveCfg = Release|Any CPU
		{C43A275B-296B-477C-A023-17B5F9BCFD9F}.Ad-Hoc|x64.Build.0 = Release|Any CPU
		{C43A275B-296B-477C-A023-17B5F9BCFD9F}.Ad-Hoc|x86.ActiveCfg = Release|Any CPU
		{C43A275B-296B-477C-A023-17B5F9BCFD9F}.Ad-Hoc|x86.Build.0 = Release|Any CPU
		{C43A275B-296B-477C-A023-17B5F9BCFD9F}.AppStore|Any CPU.ActiveCfg = Release|Any CPU
		{C43A275B-296B-477C-A023-17B5F9BCFD9F}.AppStore|Any CPU.Build.0 = Release|Any CPU
		{C43A275B-296B-477C-A023-17B5F9BCFD9F}.AppStore|ARM.ActiveCfg = Release|Any CPU
		{C43A275B-296B-477C-A023-17B5F9BCFD9F}.AppStore|ARM.Build.0 = Release|Any CPU
		{C43A275B-296B-477C-A023-17B5F9BCFD9F}.AppStore|iPhone.ActiveCfg = Release|Any CPU
		{C43A275B-296B-477C-A023-17B5F9BCFD9F}.AppStore|iPhone.Build.0 = Release|Any CPU
		{C43A275B-296B-477C-A023-17B5F9BCFD9F}.AppStore|iPhoneSimulator.ActiveCfg = Release|Any CPU
		{C43A275B-296B-477C-A023-17B5F9BCFD9F}.AppStore|iPhoneSimulator.Build.0 = Release|Any CPU
		{C43A275B-296B-477C-A023-17B5F9BCFD9F}.AppStore|x64.ActiveCfg = Release|Any CPU
		{C43A275B-296B-477C-A023-17B5F9BCFD9F}.AppStore|x64.Build.0 = Release|Any CPU
		{C43A275B-296B-477C-A023-17B5F9BCFD9F}.AppStore|x86.ActiveCfg = Release|Any CPU
		{C43A275B-296B-477C-A023-17B5F9BCFD9F}.AppStore|x86.Build.0 = Release|Any CPU
		{C43A275B-296B-477C-A023-17B5F9BCFD9F}.Debug|Any CPU.ActiveCfg = Debug|Any CPU
		{C43A275B-296B-477C-A023-17B5F9BCFD9F}.Debug|Any CPU.Build.0 = Debug|Any CPU
		{C43A275B-296B-477C-A023-17B5F9BCFD9F}.Debug|ARM.ActiveCfg = Debug|Any CPU
		{C43A275B-296B-477C-A023-17B5F9BCFD9F}.Debug|ARM.Build.0 = Debug|Any CPU
		{C43A275B-296B-477C-A023-17B5F9BCFD9F}.Debug|iPhone.ActiveCfg = Debug|Any CPU
		{C43A275B-296B-477C-A023-17B5F9BCFD9F}.Debug|iPhone.Build.0 = Debug|Any CPU
		{C43A275B-296B-477C-A023-17B5F9BCFD9F}.Debug|iPhoneSimulator.ActiveCfg = Debug|Any CPU
		{C43A275B-296B-477C-A023-17B5F9BCFD9F}.Debug|iPhoneSimulator.Build.0 = Debug|Any CPU
		{C43A275B-296B-477C-A023-17B5F9BCFD9F}.Debug|x64.ActiveCfg = Debug|Any CPU
		{C43A275B-296B-477C-A023-17B5F9BCFD9F}.Debug|x64.Build.0 = Debug|Any CPU
		{C43A275B-296B-477C-A023-17B5F9BCFD9F}.Debug|x86.ActiveCfg = Debug|Any CPU
		{C43A275B-296B-477C-A023-17B5F9BCFD9F}.Debug|x86.Build.0 = Debug|Any CPU
		{C43A275B-296B-477C-A023-17B5F9BCFD9F}.Release|Any CPU.ActiveCfg = Release|Any CPU
		{C43A275B-296B-477C-A023-17B5F9BCFD9F}.Release|Any CPU.Build.0 = Release|Any CPU
		{C43A275B-296B-477C-A023-17B5F9BCFD9F}.Release|ARM.ActiveCfg = Release|Any CPU
		{C43A275B-296B-477C-A023-17B5F9BCFD9F}.Release|ARM.Build.0 = Release|Any CPU
		{C43A275B-296B-477C-A023-17B5F9BCFD9F}.Release|iPhone.ActiveCfg = Release|Any CPU
		{C43A275B-296B-477C-A023-17B5F9BCFD9F}.Release|iPhone.Build.0 = Release|Any CPU
		{C43A275B-296B-477C-A023-17B5F9BCFD9F}.Release|iPhoneSimulator.ActiveCfg = Release|Any CPU
		{C43A275B-296B-477C-A023-17B5F9BCFD9F}.Release|iPhoneSimulator.Build.0 = Release|Any CPU
		{C43A275B-296B-477C-A023-17B5F9BCFD9F}.Release|x64.ActiveCfg = Release|Any CPU
		{C43A275B-296B-477C-A023-17B5F9BCFD9F}.Release|x64.Build.0 = Release|Any CPU
		{C43A275B-296B-477C-A023-17B5F9BCFD9F}.Release|x86.ActiveCfg = Release|Any CPU
		{C43A275B-296B-477C-A023-17B5F9BCFD9F}.Release|x86.Build.0 = Release|Any CPU
		{FCC12810-6A10-4E12-9CC1-6E13C51D8D37}.Ad-Hoc|Any CPU.ActiveCfg = Release|Any CPU
		{FCC12810-6A10-4E12-9CC1-6E13C51D8D37}.Ad-Hoc|Any CPU.Build.0 = Release|Any CPU
		{FCC12810-6A10-4E12-9CC1-6E13C51D8D37}.Ad-Hoc|ARM.ActiveCfg = Release|Any CPU
		{FCC12810-6A10-4E12-9CC1-6E13C51D8D37}.Ad-Hoc|ARM.Build.0 = Release|Any CPU
		{FCC12810-6A10-4E12-9CC1-6E13C51D8D37}.Ad-Hoc|iPhone.ActiveCfg = Release|Any CPU
		{FCC12810-6A10-4E12-9CC1-6E13C51D8D37}.Ad-Hoc|iPhone.Build.0 = Release|Any CPU
		{FCC12810-6A10-4E12-9CC1-6E13C51D8D37}.Ad-Hoc|iPhoneSimulator.ActiveCfg = Release|Any CPU
		{FCC12810-6A10-4E12-9CC1-6E13C51D8D37}.Ad-Hoc|iPhoneSimulator.Build.0 = Release|Any CPU
		{FCC12810-6A10-4E12-9CC1-6E13C51D8D37}.Ad-Hoc|x64.ActiveCfg = Release|Any CPU
		{FCC12810-6A10-4E12-9CC1-6E13C51D8D37}.Ad-Hoc|x64.Build.0 = Release|Any CPU
		{FCC12810-6A10-4E12-9CC1-6E13C51D8D37}.Ad-Hoc|x86.ActiveCfg = Release|Any CPU
		{FCC12810-6A10-4E12-9CC1-6E13C51D8D37}.Ad-Hoc|x86.Build.0 = Release|Any CPU
		{FCC12810-6A10-4E12-9CC1-6E13C51D8D37}.AppStore|Any CPU.ActiveCfg = Release|Any CPU
		{FCC12810-6A10-4E12-9CC1-6E13C51D8D37}.AppStore|Any CPU.Build.0 = Release|Any CPU
		{FCC12810-6A10-4E12-9CC1-6E13C51D8D37}.AppStore|ARM.ActiveCfg = Release|Any CPU
		{FCC12810-6A10-4E12-9CC1-6E13C51D8D37}.AppStore|ARM.Build.0 = Release|Any CPU
		{FCC12810-6A10-4E12-9CC1-6E13C51D8D37}.AppStore|iPhone.ActiveCfg = Release|Any CPU
		{FCC12810-6A10-4E12-9CC1-6E13C51D8D37}.AppStore|iPhone.Build.0 = Release|Any CPU
		{FCC12810-6A10-4E12-9CC1-6E13C51D8D37}.AppStore|iPhoneSimulator.ActiveCfg = Release|Any CPU
		{FCC12810-6A10-4E12-9CC1-6E13C51D8D37}.AppStore|iPhoneSimulator.Build.0 = Release|Any CPU
		{FCC12810-6A10-4E12-9CC1-6E13C51D8D37}.AppStore|x64.ActiveCfg = Release|Any CPU
		{FCC12810-6A10-4E12-9CC1-6E13C51D8D37}.AppStore|x64.Build.0 = Release|Any CPU
		{FCC12810-6A10-4E12-9CC1-6E13C51D8D37}.AppStore|x86.ActiveCfg = Release|Any CPU
		{FCC12810-6A10-4E12-9CC1-6E13C51D8D37}.AppStore|x86.Build.0 = Release|Any CPU
		{FCC12810-6A10-4E12-9CC1-6E13C51D8D37}.Debug|Any CPU.ActiveCfg = Debug|Any CPU
		{FCC12810-6A10-4E12-9CC1-6E13C51D8D37}.Debug|Any CPU.Build.0 = Debug|Any CPU
		{FCC12810-6A10-4E12-9CC1-6E13C51D8D37}.Debug|ARM.ActiveCfg = Debug|Any CPU
		{FCC12810-6A10-4E12-9CC1-6E13C51D8D37}.Debug|ARM.Build.0 = Debug|Any CPU
		{FCC12810-6A10-4E12-9CC1-6E13C51D8D37}.Debug|iPhone.ActiveCfg = Debug|Any CPU
		{FCC12810-6A10-4E12-9CC1-6E13C51D8D37}.Debug|iPhone.Build.0 = Debug|Any CPU
		{FCC12810-6A10-4E12-9CC1-6E13C51D8D37}.Debug|iPhoneSimulator.ActiveCfg = Debug|Any CPU
		{FCC12810-6A10-4E12-9CC1-6E13C51D8D37}.Debug|iPhoneSimulator.Build.0 = Debug|Any CPU
		{FCC12810-6A10-4E12-9CC1-6E13C51D8D37}.Debug|x64.ActiveCfg = Debug|Any CPU
		{FCC12810-6A10-4E12-9CC1-6E13C51D8D37}.Debug|x64.Build.0 = Debug|Any CPU
		{FCC12810-6A10-4E12-9CC1-6E13C51D8D37}.Debug|x86.ActiveCfg = Debug|Any CPU
		{FCC12810-6A10-4E12-9CC1-6E13C51D8D37}.Debug|x86.Build.0 = Debug|Any CPU
		{FCC12810-6A10-4E12-9CC1-6E13C51D8D37}.Release|Any CPU.ActiveCfg = Release|Any CPU
		{FCC12810-6A10-4E12-9CC1-6E13C51D8D37}.Release|Any CPU.Build.0 = Release|Any CPU
		{FCC12810-6A10-4E12-9CC1-6E13C51D8D37}.Release|ARM.ActiveCfg = Release|Any CPU
		{FCC12810-6A10-4E12-9CC1-6E13C51D8D37}.Release|ARM.Build.0 = Release|Any CPU
		{FCC12810-6A10-4E12-9CC1-6E13C51D8D37}.Release|iPhone.ActiveCfg = Release|Any CPU
		{FCC12810-6A10-4E12-9CC1-6E13C51D8D37}.Release|iPhone.Build.0 = Release|Any CPU
		{FCC12810-6A10-4E12-9CC1-6E13C51D8D37}.Release|iPhoneSimulator.ActiveCfg = Release|Any CPU
		{FCC12810-6A10-4E12-9CC1-6E13C51D8D37}.Release|iPhoneSimulator.Build.0 = Release|Any CPU
		{FCC12810-6A10-4E12-9CC1-6E13C51D8D37}.Release|x64.ActiveCfg = Release|Any CPU
		{FCC12810-6A10-4E12-9CC1-6E13C51D8D37}.Release|x64.Build.0 = Release|Any CPU
		{FCC12810-6A10-4E12-9CC1-6E13C51D8D37}.Release|x86.ActiveCfg = Release|Any CPU
		{FCC12810-6A10-4E12-9CC1-6E13C51D8D37}.Release|x86.Build.0 = Release|Any CPU
		{7B9E0621-466C-43D1-AE95-4AAB9C785175}.Ad-Hoc|Any CPU.ActiveCfg = Release|Any CPU
		{7B9E0621-466C-43D1-AE95-4AAB9C785175}.Ad-Hoc|Any CPU.Build.0 = Release|Any CPU
		{7B9E0621-466C-43D1-AE95-4AAB9C785175}.Ad-Hoc|ARM.ActiveCfg = Release|Any CPU
		{7B9E0621-466C-43D1-AE95-4AAB9C785175}.Ad-Hoc|ARM.Build.0 = Release|Any CPU
		{7B9E0621-466C-43D1-AE95-4AAB9C785175}.Ad-Hoc|iPhone.ActiveCfg = Release|Any CPU
		{7B9E0621-466C-43D1-AE95-4AAB9C785175}.Ad-Hoc|iPhone.Build.0 = Release|Any CPU
		{7B9E0621-466C-43D1-AE95-4AAB9C785175}.Ad-Hoc|iPhoneSimulator.ActiveCfg = Release|Any CPU
		{7B9E0621-466C-43D1-AE95-4AAB9C785175}.Ad-Hoc|iPhoneSimulator.Build.0 = Release|Any CPU
		{7B9E0621-466C-43D1-AE95-4AAB9C785175}.Ad-Hoc|x64.ActiveCfg = Release|Any CPU
		{7B9E0621-466C-43D1-AE95-4AAB9C785175}.Ad-Hoc|x64.Build.0 = Release|Any CPU
		{7B9E0621-466C-43D1-AE95-4AAB9C785175}.Ad-Hoc|x86.ActiveCfg = Release|Any CPU
		{7B9E0621-466C-43D1-AE95-4AAB9C785175}.Ad-Hoc|x86.Build.0 = Release|Any CPU
		{7B9E0621-466C-43D1-AE95-4AAB9C785175}.AppStore|Any CPU.ActiveCfg = Release|Any CPU
		{7B9E0621-466C-43D1-AE95-4AAB9C785175}.AppStore|Any CPU.Build.0 = Release|Any CPU
		{7B9E0621-466C-43D1-AE95-4AAB9C785175}.AppStore|ARM.ActiveCfg = Release|Any CPU
		{7B9E0621-466C-43D1-AE95-4AAB9C785175}.AppStore|ARM.Build.0 = Release|Any CPU
		{7B9E0621-466C-43D1-AE95-4AAB9C785175}.AppStore|iPhone.ActiveCfg = Release|Any CPU
		{7B9E0621-466C-43D1-AE95-4AAB9C785175}.AppStore|iPhone.Build.0 = Release|Any CPU
		{7B9E0621-466C-43D1-AE95-4AAB9C785175}.AppStore|iPhoneSimulator.ActiveCfg = Release|Any CPU
		{7B9E0621-466C-43D1-AE95-4AAB9C785175}.AppStore|iPhoneSimulator.Build.0 = Release|Any CPU
		{7B9E0621-466C-43D1-AE95-4AAB9C785175}.AppStore|x64.ActiveCfg = Release|Any CPU
		{7B9E0621-466C-43D1-AE95-4AAB9C785175}.AppStore|x64.Build.0 = Release|Any CPU
		{7B9E0621-466C-43D1-AE95-4AAB9C785175}.AppStore|x86.ActiveCfg = Release|Any CPU
		{7B9E0621-466C-43D1-AE95-4AAB9C785175}.AppStore|x86.Build.0 = Release|Any CPU
		{7B9E0621-466C-43D1-AE95-4AAB9C785175}.Debug|Any CPU.ActiveCfg = Debug|Any CPU
		{7B9E0621-466C-43D1-AE95-4AAB9C785175}.Debug|Any CPU.Build.0 = Debug|Any CPU
		{7B9E0621-466C-43D1-AE95-4AAB9C785175}.Debug|ARM.ActiveCfg = Debug|Any CPU
		{7B9E0621-466C-43D1-AE95-4AAB9C785175}.Debug|ARM.Build.0 = Debug|Any CPU
		{7B9E0621-466C-43D1-AE95-4AAB9C785175}.Debug|iPhone.ActiveCfg = Debug|Any CPU
		{7B9E0621-466C-43D1-AE95-4AAB9C785175}.Debug|iPhone.Build.0 = Debug|Any CPU
		{7B9E0621-466C-43D1-AE95-4AAB9C785175}.Debug|iPhoneSimulator.ActiveCfg = Debug|Any CPU
		{7B9E0621-466C-43D1-AE95-4AAB9C785175}.Debug|iPhoneSimulator.Build.0 = Debug|Any CPU
		{7B9E0621-466C-43D1-AE95-4AAB9C785175}.Debug|x64.ActiveCfg = Debug|Any CPU
		{7B9E0621-466C-43D1-AE95-4AAB9C785175}.Debug|x64.Build.0 = Debug|Any CPU
		{7B9E0621-466C-43D1-AE95-4AAB9C785175}.Debug|x86.ActiveCfg = Debug|Any CPU
		{7B9E0621-466C-43D1-AE95-4AAB9C785175}.Debug|x86.Build.0 = Debug|Any CPU
		{7B9E0621-466C-43D1-AE95-4AAB9C785175}.Release|Any CPU.ActiveCfg = Release|Any CPU
		{7B9E0621-466C-43D1-AE95-4AAB9C785175}.Release|Any CPU.Build.0 = Release|Any CPU
		{7B9E0621-466C-43D1-AE95-4AAB9C785175}.Release|ARM.ActiveCfg = Release|Any CPU
		{7B9E0621-466C-43D1-AE95-4AAB9C785175}.Release|ARM.Build.0 = Release|Any CPU
		{7B9E0621-466C-43D1-AE95-4AAB9C785175}.Release|iPhone.ActiveCfg = Release|Any CPU
		{7B9E0621-466C-43D1-AE95-4AAB9C785175}.Release|iPhone.Build.0 = Release|Any CPU
		{7B9E0621-466C-43D1-AE95-4AAB9C785175}.Release|iPhoneSimulator.ActiveCfg = Release|Any CPU
		{7B9E0621-466C-43D1-AE95-4AAB9C785175}.Release|iPhoneSimulator.Build.0 = Release|Any CPU
		{7B9E0621-466C-43D1-AE95-4AAB9C785175}.Release|x64.ActiveCfg = Release|Any CPU
		{7B9E0621-466C-43D1-AE95-4AAB9C785175}.Release|x64.Build.0 = Release|Any CPU
		{7B9E0621-466C-43D1-AE95-4AAB9C785175}.Release|x86.ActiveCfg = Release|Any CPU
		{7B9E0621-466C-43D1-AE95-4AAB9C785175}.Release|x86.Build.0 = Release|Any CPU
		{E0EC8FA5-E701-49EE-B901-E015B16684EF}.Ad-Hoc|Any CPU.ActiveCfg = Release|Any CPU
		{E0EC8FA5-E701-49EE-B901-E015B16684EF}.Ad-Hoc|Any CPU.Build.0 = Release|Any CPU
		{E0EC8FA5-E701-49EE-B901-E015B16684EF}.Ad-Hoc|Any CPU.Deploy.0 = Release|Any CPU
		{E0EC8FA5-E701-49EE-B901-E015B16684EF}.Ad-Hoc|ARM.ActiveCfg = Release|Any CPU
		{E0EC8FA5-E701-49EE-B901-E015B16684EF}.Ad-Hoc|ARM.Build.0 = Release|Any CPU
		{E0EC8FA5-E701-49EE-B901-E015B16684EF}.Ad-Hoc|ARM.Deploy.0 = Release|Any CPU
		{E0EC8FA5-E701-49EE-B901-E015B16684EF}.Ad-Hoc|iPhone.ActiveCfg = Release|Any CPU
		{E0EC8FA5-E701-49EE-B901-E015B16684EF}.Ad-Hoc|iPhone.Build.0 = Release|Any CPU
		{E0EC8FA5-E701-49EE-B901-E015B16684EF}.Ad-Hoc|iPhone.Deploy.0 = Release|Any CPU
		{E0EC8FA5-E701-49EE-B901-E015B16684EF}.Ad-Hoc|iPhoneSimulator.ActiveCfg = Release|Any CPU
		{E0EC8FA5-E701-49EE-B901-E015B16684EF}.Ad-Hoc|iPhoneSimulator.Build.0 = Release|Any CPU
		{E0EC8FA5-E701-49EE-B901-E015B16684EF}.Ad-Hoc|iPhoneSimulator.Deploy.0 = Release|Any CPU
		{E0EC8FA5-E701-49EE-B901-E015B16684EF}.Ad-Hoc|x64.ActiveCfg = Release|Any CPU
		{E0EC8FA5-E701-49EE-B901-E015B16684EF}.Ad-Hoc|x64.Build.0 = Release|Any CPU
		{E0EC8FA5-E701-49EE-B901-E015B16684EF}.Ad-Hoc|x64.Deploy.0 = Release|Any CPU
		{E0EC8FA5-E701-49EE-B901-E015B16684EF}.Ad-Hoc|x86.ActiveCfg = Release|Any CPU
		{E0EC8FA5-E701-49EE-B901-E015B16684EF}.Ad-Hoc|x86.Build.0 = Release|Any CPU
		{E0EC8FA5-E701-49EE-B901-E015B16684EF}.Ad-Hoc|x86.Deploy.0 = Release|Any CPU
		{E0EC8FA5-E701-49EE-B901-E015B16684EF}.AppStore|Any CPU.ActiveCfg = Release|Any CPU
		{E0EC8FA5-E701-49EE-B901-E015B16684EF}.AppStore|Any CPU.Build.0 = Release|Any CPU
		{E0EC8FA5-E701-49EE-B901-E015B16684EF}.AppStore|Any CPU.Deploy.0 = Release|Any CPU
		{E0EC8FA5-E701-49EE-B901-E015B16684EF}.AppStore|ARM.ActiveCfg = Release|Any CPU
		{E0EC8FA5-E701-49EE-B901-E015B16684EF}.AppStore|ARM.Build.0 = Release|Any CPU
		{E0EC8FA5-E701-49EE-B901-E015B16684EF}.AppStore|ARM.Deploy.0 = Release|Any CPU
		{E0EC8FA5-E701-49EE-B901-E015B16684EF}.AppStore|iPhone.ActiveCfg = Release|Any CPU
		{E0EC8FA5-E701-49EE-B901-E015B16684EF}.AppStore|iPhone.Build.0 = Release|Any CPU
		{E0EC8FA5-E701-49EE-B901-E015B16684EF}.AppStore|iPhone.Deploy.0 = Release|Any CPU
		{E0EC8FA5-E701-49EE-B901-E015B16684EF}.AppStore|iPhoneSimulator.ActiveCfg = Release|Any CPU
		{E0EC8FA5-E701-49EE-B901-E015B16684EF}.AppStore|iPhoneSimulator.Build.0 = Release|Any CPU
		{E0EC8FA5-E701-49EE-B901-E015B16684EF}.AppStore|iPhoneSimulator.Deploy.0 = Release|Any CPU
		{E0EC8FA5-E701-49EE-B901-E015B16684EF}.AppStore|x64.ActiveCfg = Release|Any CPU
		{E0EC8FA5-E701-49EE-B901-E015B16684EF}.AppStore|x64.Build.0 = Release|Any CPU
		{E0EC8FA5-E701-49EE-B901-E015B16684EF}.AppStore|x64.Deploy.0 = Release|Any CPU
		{E0EC8FA5-E701-49EE-B901-E015B16684EF}.AppStore|x86.ActiveCfg = Release|Any CPU
		{E0EC8FA5-E701-49EE-B901-E015B16684EF}.AppStore|x86.Build.0 = Release|Any CPU
		{E0EC8FA5-E701-49EE-B901-E015B16684EF}.AppStore|x86.Deploy.0 = Release|Any CPU
		{E0EC8FA5-E701-49EE-B901-E015B16684EF}.Debug|Any CPU.ActiveCfg = Debug|Any CPU
		{E0EC8FA5-E701-49EE-B901-E015B16684EF}.Debug|Any CPU.Build.0 = Debug|Any CPU
		{E0EC8FA5-E701-49EE-B901-E015B16684EF}.Debug|Any CPU.Deploy.0 = Debug|Any CPU
		{E0EC8FA5-E701-49EE-B901-E015B16684EF}.Debug|ARM.ActiveCfg = Debug|Any CPU
		{E0EC8FA5-E701-49EE-B901-E015B16684EF}.Debug|ARM.Build.0 = Debug|Any CPU
		{E0EC8FA5-E701-49EE-B901-E015B16684EF}.Debug|ARM.Deploy.0 = Debug|Any CPU
		{E0EC8FA5-E701-49EE-B901-E015B16684EF}.Debug|iPhone.ActiveCfg = Debug|Any CPU
		{E0EC8FA5-E701-49EE-B901-E015B16684EF}.Debug|iPhone.Build.0 = Debug|Any CPU
		{E0EC8FA5-E701-49EE-B901-E015B16684EF}.Debug|iPhone.Deploy.0 = Debug|Any CPU
		{E0EC8FA5-E701-49EE-B901-E015B16684EF}.Debug|iPhoneSimulator.ActiveCfg = Debug|Any CPU
		{E0EC8FA5-E701-49EE-B901-E015B16684EF}.Debug|iPhoneSimulator.Build.0 = Debug|Any CPU
		{E0EC8FA5-E701-49EE-B901-E015B16684EF}.Debug|iPhoneSimulator.Deploy.0 = Debug|Any CPU
		{E0EC8FA5-E701-49EE-B901-E015B16684EF}.Debug|x64.ActiveCfg = Debug|Any CPU
		{E0EC8FA5-E701-49EE-B901-E015B16684EF}.Debug|x64.Build.0 = Debug|Any CPU
		{E0EC8FA5-E701-49EE-B901-E015B16684EF}.Debug|x64.Deploy.0 = Debug|Any CPU
		{E0EC8FA5-E701-49EE-B901-E015B16684EF}.Debug|x86.ActiveCfg = Debug|Any CPU
		{E0EC8FA5-E701-49EE-B901-E015B16684EF}.Debug|x86.Build.0 = Debug|Any CPU
		{E0EC8FA5-E701-49EE-B901-E015B16684EF}.Debug|x86.Deploy.0 = Debug|Any CPU
		{E0EC8FA5-E701-49EE-B901-E015B16684EF}.Release|Any CPU.ActiveCfg = Release|Any CPU
		{E0EC8FA5-E701-49EE-B901-E015B16684EF}.Release|Any CPU.Build.0 = Release|Any CPU
		{E0EC8FA5-E701-49EE-B901-E015B16684EF}.Release|Any CPU.Deploy.0 = Release|Any CPU
		{E0EC8FA5-E701-49EE-B901-E015B16684EF}.Release|ARM.ActiveCfg = Release|Any CPU
		{E0EC8FA5-E701-49EE-B901-E015B16684EF}.Release|ARM.Build.0 = Release|Any CPU
		{E0EC8FA5-E701-49EE-B901-E015B16684EF}.Release|ARM.Deploy.0 = Release|Any CPU
		{E0EC8FA5-E701-49EE-B901-E015B16684EF}.Release|iPhone.ActiveCfg = Release|Any CPU
		{E0EC8FA5-E701-49EE-B901-E015B16684EF}.Release|iPhone.Build.0 = Release|Any CPU
		{E0EC8FA5-E701-49EE-B901-E015B16684EF}.Release|iPhone.Deploy.0 = Release|Any CPU
		{E0EC8FA5-E701-49EE-B901-E015B16684EF}.Release|iPhoneSimulator.ActiveCfg = Release|Any CPU
		{E0EC8FA5-E701-49EE-B901-E015B16684EF}.Release|iPhoneSimulator.Build.0 = Release|Any CPU
		{E0EC8FA5-E701-49EE-B901-E015B16684EF}.Release|iPhoneSimulator.Deploy.0 = Release|Any CPU
		{E0EC8FA5-E701-49EE-B901-E015B16684EF}.Release|x64.ActiveCfg = Release|Any CPU
		{E0EC8FA5-E701-49EE-B901-E015B16684EF}.Release|x64.Build.0 = Release|Any CPU
		{E0EC8FA5-E701-49EE-B901-E015B16684EF}.Release|x64.Deploy.0 = Release|Any CPU
		{E0EC8FA5-E701-49EE-B901-E015B16684EF}.Release|x86.ActiveCfg = Release|Any CPU
		{E0EC8FA5-E701-49EE-B901-E015B16684EF}.Release|x86.Build.0 = Release|Any CPU
		{E0EC8FA5-E701-49EE-B901-E015B16684EF}.Release|x86.Deploy.0 = Release|Any CPU
		{4EA62EEF-F245-4366-A79C-E6206F763B94}.Ad-Hoc|Any CPU.ActiveCfg = Release|Any CPU
		{4EA62EEF-F245-4366-A79C-E6206F763B94}.Ad-Hoc|Any CPU.Build.0 = Release|Any CPU
		{4EA62EEF-F245-4366-A79C-E6206F763B94}.Ad-Hoc|ARM.ActiveCfg = Release|Any CPU
		{4EA62EEF-F245-4366-A79C-E6206F763B94}.Ad-Hoc|ARM.Build.0 = Release|Any CPU
		{4EA62EEF-F245-4366-A79C-E6206F763B94}.Ad-Hoc|iPhone.ActiveCfg = Release|Any CPU
		{4EA62EEF-F245-4366-A79C-E6206F763B94}.Ad-Hoc|iPhone.Build.0 = Release|Any CPU
		{4EA62EEF-F245-4366-A79C-E6206F763B94}.Ad-Hoc|iPhoneSimulator.ActiveCfg = Release|Any CPU
		{4EA62EEF-F245-4366-A79C-E6206F763B94}.Ad-Hoc|iPhoneSimulator.Build.0 = Release|Any CPU
		{4EA62EEF-F245-4366-A79C-E6206F763B94}.Ad-Hoc|x64.ActiveCfg = Release|Any CPU
		{4EA62EEF-F245-4366-A79C-E6206F763B94}.Ad-Hoc|x64.Build.0 = Release|Any CPU
		{4EA62EEF-F245-4366-A79C-E6206F763B94}.Ad-Hoc|x86.ActiveCfg = Release|Any CPU
		{4EA62EEF-F245-4366-A79C-E6206F763B94}.Ad-Hoc|x86.Build.0 = Release|Any CPU
		{4EA62EEF-F245-4366-A79C-E6206F763B94}.AppStore|Any CPU.ActiveCfg = Release|Any CPU
		{4EA62EEF-F245-4366-A79C-E6206F763B94}.AppStore|Any CPU.Build.0 = Release|Any CPU
		{4EA62EEF-F245-4366-A79C-E6206F763B94}.AppStore|ARM.ActiveCfg = Release|Any CPU
		{4EA62EEF-F245-4366-A79C-E6206F763B94}.AppStore|ARM.Build.0 = Release|Any CPU
		{4EA62EEF-F245-4366-A79C-E6206F763B94}.AppStore|iPhone.ActiveCfg = Release|Any CPU
		{4EA62EEF-F245-4366-A79C-E6206F763B94}.AppStore|iPhone.Build.0 = Release|Any CPU
		{4EA62EEF-F245-4366-A79C-E6206F763B94}.AppStore|iPhoneSimulator.ActiveCfg = Release|Any CPU
		{4EA62EEF-F245-4366-A79C-E6206F763B94}.AppStore|iPhoneSimulator.Build.0 = Release|Any CPU
		{4EA62EEF-F245-4366-A79C-E6206F763B94}.AppStore|x64.ActiveCfg = Release|Any CPU
		{4EA62EEF-F245-4366-A79C-E6206F763B94}.AppStore|x64.Build.0 = Release|Any CPU
		{4EA62EEF-F245-4366-A79C-E6206F763B94}.AppStore|x86.ActiveCfg = Release|Any CPU
		{4EA62EEF-F245-4366-A79C-E6206F763B94}.AppStore|x86.Build.0 = Release|Any CPU
		{4EA62EEF-F245-4366-A79C-E6206F763B94}.Debug|Any CPU.ActiveCfg = Debug|Any CPU
		{4EA62EEF-F245-4366-A79C-E6206F763B94}.Debug|Any CPU.Build.0 = Debug|Any CPU
		{4EA62EEF-F245-4366-A79C-E6206F763B94}.Debug|ARM.ActiveCfg = Debug|Any CPU
		{4EA62EEF-F245-4366-A79C-E6206F763B94}.Debug|ARM.Build.0 = Debug|Any CPU
		{4EA62EEF-F245-4366-A79C-E6206F763B94}.Debug|iPhone.ActiveCfg = Debug|Any CPU
		{4EA62EEF-F245-4366-A79C-E6206F763B94}.Debug|iPhone.Build.0 = Debug|Any CPU
		{4EA62EEF-F245-4366-A79C-E6206F763B94}.Debug|iPhoneSimulator.ActiveCfg = Debug|Any CPU
		{4EA62EEF-F245-4366-A79C-E6206F763B94}.Debug|iPhoneSimulator.Build.0 = Debug|Any CPU
		{4EA62EEF-F245-4366-A79C-E6206F763B94}.Debug|x64.ActiveCfg = Debug|Any CPU
		{4EA62EEF-F245-4366-A79C-E6206F763B94}.Debug|x64.Build.0 = Debug|Any CPU
		{4EA62EEF-F245-4366-A79C-E6206F763B94}.Debug|x86.ActiveCfg = Debug|Any CPU
		{4EA62EEF-F245-4366-A79C-E6206F763B94}.Debug|x86.Build.0 = Debug|Any CPU
		{4EA62EEF-F245-4366-A79C-E6206F763B94}.Release|Any CPU.ActiveCfg = Release|Any CPU
		{4EA62EEF-F245-4366-A79C-E6206F763B94}.Release|Any CPU.Build.0 = Release|Any CPU
		{4EA62EEF-F245-4366-A79C-E6206F763B94}.Release|ARM.ActiveCfg = Release|Any CPU
		{4EA62EEF-F245-4366-A79C-E6206F763B94}.Release|ARM.Build.0 = Release|Any CPU
		{4EA62EEF-F245-4366-A79C-E6206F763B94}.Release|iPhone.ActiveCfg = Release|Any CPU
		{4EA62EEF-F245-4366-A79C-E6206F763B94}.Release|iPhone.Build.0 = Release|Any CPU
		{4EA62EEF-F245-4366-A79C-E6206F763B94}.Release|iPhoneSimulator.ActiveCfg = Release|Any CPU
		{4EA62EEF-F245-4366-A79C-E6206F763B94}.Release|iPhoneSimulator.Build.0 = Release|Any CPU
		{4EA62EEF-F245-4366-A79C-E6206F763B94}.Release|x64.ActiveCfg = Release|Any CPU
		{4EA62EEF-F245-4366-A79C-E6206F763B94}.Release|x64.Build.0 = Release|Any CPU
		{4EA62EEF-F245-4366-A79C-E6206F763B94}.Release|x86.ActiveCfg = Release|Any CPU
		{4EA62EEF-F245-4366-A79C-E6206F763B94}.Release|x86.Build.0 = Release|Any CPU
		{DB270809-C994-4630-84DD-A89B46812909}.Ad-Hoc|Any CPU.ActiveCfg = Release|x86
		{DB270809-C994-4630-84DD-A89B46812909}.Ad-Hoc|Any CPU.Build.0 = Release|x86
		{DB270809-C994-4630-84DD-A89B46812909}.Ad-Hoc|Any CPU.Deploy.0 = Release|x86
		{DB270809-C994-4630-84DD-A89B46812909}.Ad-Hoc|ARM.ActiveCfg = Release|ARM
		{DB270809-C994-4630-84DD-A89B46812909}.Ad-Hoc|ARM.Build.0 = Release|ARM
		{DB270809-C994-4630-84DD-A89B46812909}.Ad-Hoc|ARM.Deploy.0 = Release|ARM
		{DB270809-C994-4630-84DD-A89B46812909}.Ad-Hoc|iPhone.ActiveCfg = Release|x86
		{DB270809-C994-4630-84DD-A89B46812909}.Ad-Hoc|iPhone.Build.0 = Release|x86
		{DB270809-C994-4630-84DD-A89B46812909}.Ad-Hoc|iPhone.Deploy.0 = Release|x86
		{DB270809-C994-4630-84DD-A89B46812909}.Ad-Hoc|iPhoneSimulator.ActiveCfg = Release|x86
		{DB270809-C994-4630-84DD-A89B46812909}.Ad-Hoc|iPhoneSimulator.Build.0 = Release|x86
		{DB270809-C994-4630-84DD-A89B46812909}.Ad-Hoc|iPhoneSimulator.Deploy.0 = Release|x86
		{DB270809-C994-4630-84DD-A89B46812909}.Ad-Hoc|x64.ActiveCfg = Release|x64
		{DB270809-C994-4630-84DD-A89B46812909}.Ad-Hoc|x64.Build.0 = Release|x64
		{DB270809-C994-4630-84DD-A89B46812909}.Ad-Hoc|x64.Deploy.0 = Release|x64
		{DB270809-C994-4630-84DD-A89B46812909}.Ad-Hoc|x86.ActiveCfg = Release|x86
		{DB270809-C994-4630-84DD-A89B46812909}.Ad-Hoc|x86.Build.0 = Release|x86
		{DB270809-C994-4630-84DD-A89B46812909}.Ad-Hoc|x86.Deploy.0 = Release|x86
		{DB270809-C994-4630-84DD-A89B46812909}.AppStore|Any CPU.ActiveCfg = Release|x86
		{DB270809-C994-4630-84DD-A89B46812909}.AppStore|Any CPU.Build.0 = Release|x86
		{DB270809-C994-4630-84DD-A89B46812909}.AppStore|Any CPU.Deploy.0 = Release|x86
		{DB270809-C994-4630-84DD-A89B46812909}.AppStore|ARM.ActiveCfg = Release|ARM
		{DB270809-C994-4630-84DD-A89B46812909}.AppStore|ARM.Build.0 = Release|ARM
		{DB270809-C994-4630-84DD-A89B46812909}.AppStore|ARM.Deploy.0 = Release|ARM
		{DB270809-C994-4630-84DD-A89B46812909}.AppStore|iPhone.ActiveCfg = Release|x86
		{DB270809-C994-4630-84DD-A89B46812909}.AppStore|iPhone.Build.0 = Release|x86
		{DB270809-C994-4630-84DD-A89B46812909}.AppStore|iPhone.Deploy.0 = Release|x86
		{DB270809-C994-4630-84DD-A89B46812909}.AppStore|iPhoneSimulator.ActiveCfg = Release|x86
		{DB270809-C994-4630-84DD-A89B46812909}.AppStore|iPhoneSimulator.Build.0 = Release|x86
		{DB270809-C994-4630-84DD-A89B46812909}.AppStore|iPhoneSimulator.Deploy.0 = Release|x86
		{DB270809-C994-4630-84DD-A89B46812909}.AppStore|x64.ActiveCfg = Release|x64
		{DB270809-C994-4630-84DD-A89B46812909}.AppStore|x64.Build.0 = Release|x64
		{DB270809-C994-4630-84DD-A89B46812909}.AppStore|x64.Deploy.0 = Release|x64
		{DB270809-C994-4630-84DD-A89B46812909}.AppStore|x86.ActiveCfg = Release|x86
		{DB270809-C994-4630-84DD-A89B46812909}.AppStore|x86.Build.0 = Release|x86
		{DB270809-C994-4630-84DD-A89B46812909}.AppStore|x86.Deploy.0 = Release|x86
		{DB270809-C994-4630-84DD-A89B46812909}.Debug|Any CPU.ActiveCfg = Debug|x86
		{DB270809-C994-4630-84DD-A89B46812909}.Debug|Any CPU.Build.0 = Debug|x86
		{DB270809-C994-4630-84DD-A89B46812909}.Debug|Any CPU.Deploy.0 = Debug|x86
		{DB270809-C994-4630-84DD-A89B46812909}.Debug|ARM.ActiveCfg = Debug|ARM
		{DB270809-C994-4630-84DD-A89B46812909}.Debug|ARM.Build.0 = Debug|ARM
		{DB270809-C994-4630-84DD-A89B46812909}.Debug|ARM.Deploy.0 = Debug|ARM
		{DB270809-C994-4630-84DD-A89B46812909}.Debug|iPhone.ActiveCfg = Debug|x86
		{DB270809-C994-4630-84DD-A89B46812909}.Debug|iPhoneSimulator.ActiveCfg = Debug|x86
		{DB270809-C994-4630-84DD-A89B46812909}.Debug|x64.ActiveCfg = Debug|x64
		{DB270809-C994-4630-84DD-A89B46812909}.Debug|x64.Build.0 = Debug|x64
		{DB270809-C994-4630-84DD-A89B46812909}.Debug|x64.Deploy.0 = Debug|x64
		{DB270809-C994-4630-84DD-A89B46812909}.Debug|x86.ActiveCfg = Debug|x86
		{DB270809-C994-4630-84DD-A89B46812909}.Debug|x86.Build.0 = Debug|x86
		{DB270809-C994-4630-84DD-A89B46812909}.Debug|x86.Deploy.0 = Debug|x86
		{DB270809-C994-4630-84DD-A89B46812909}.Release|Any CPU.ActiveCfg = Release|x86
		{DB270809-C994-4630-84DD-A89B46812909}.Release|ARM.ActiveCfg = Release|ARM
		{DB270809-C994-4630-84DD-A89B46812909}.Release|ARM.Build.0 = Release|ARM
		{DB270809-C994-4630-84DD-A89B46812909}.Release|ARM.Deploy.0 = Release|ARM
		{DB270809-C994-4630-84DD-A89B46812909}.Release|iPhone.ActiveCfg = Release|x86
		{DB270809-C994-4630-84DD-A89B46812909}.Release|iPhoneSimulator.ActiveCfg = Release|x86
		{DB270809-C994-4630-84DD-A89B46812909}.Release|x64.ActiveCfg = Release|x64
		{DB270809-C994-4630-84DD-A89B46812909}.Release|x64.Build.0 = Release|x64
		{DB270809-C994-4630-84DD-A89B46812909}.Release|x64.Deploy.0 = Release|x64
		{DB270809-C994-4630-84DD-A89B46812909}.Release|x86.ActiveCfg = Release|x86
		{DB270809-C994-4630-84DD-A89B46812909}.Release|x86.Build.0 = Release|x86
		{DB270809-C994-4630-84DD-A89B46812909}.Release|x86.Deploy.0 = Release|x86
		{96A7AC38-83DD-4A2E-8E78-4112A6F7A5AF}.Ad-Hoc|Any CPU.ActiveCfg = Release|Any CPU
		{96A7AC38-83DD-4A2E-8E78-4112A6F7A5AF}.Ad-Hoc|Any CPU.Build.0 = Release|Any CPU
		{96A7AC38-83DD-4A2E-8E78-4112A6F7A5AF}.Ad-Hoc|ARM.ActiveCfg = Release|Any CPU
		{96A7AC38-83DD-4A2E-8E78-4112A6F7A5AF}.Ad-Hoc|ARM.Build.0 = Release|Any CPU
		{96A7AC38-83DD-4A2E-8E78-4112A6F7A5AF}.Ad-Hoc|iPhone.ActiveCfg = Release|Any CPU
		{96A7AC38-83DD-4A2E-8E78-4112A6F7A5AF}.Ad-Hoc|iPhone.Build.0 = Release|Any CPU
		{96A7AC38-83DD-4A2E-8E78-4112A6F7A5AF}.Ad-Hoc|iPhoneSimulator.ActiveCfg = Release|Any CPU
		{96A7AC38-83DD-4A2E-8E78-4112A6F7A5AF}.Ad-Hoc|iPhoneSimulator.Build.0 = Release|Any CPU
		{96A7AC38-83DD-4A2E-8E78-4112A6F7A5AF}.Ad-Hoc|x64.ActiveCfg = Release|Any CPU
		{96A7AC38-83DD-4A2E-8E78-4112A6F7A5AF}.Ad-Hoc|x64.Build.0 = Release|Any CPU
		{96A7AC38-83DD-4A2E-8E78-4112A6F7A5AF}.Ad-Hoc|x86.ActiveCfg = Release|Any CPU
		{96A7AC38-83DD-4A2E-8E78-4112A6F7A5AF}.Ad-Hoc|x86.Build.0 = Release|Any CPU
		{96A7AC38-83DD-4A2E-8E78-4112A6F7A5AF}.AppStore|Any CPU.ActiveCfg = Release|Any CPU
		{96A7AC38-83DD-4A2E-8E78-4112A6F7A5AF}.AppStore|Any CPU.Build.0 = Release|Any CPU
		{96A7AC38-83DD-4A2E-8E78-4112A6F7A5AF}.AppStore|ARM.ActiveCfg = Release|Any CPU
		{96A7AC38-83DD-4A2E-8E78-4112A6F7A5AF}.AppStore|ARM.Build.0 = Release|Any CPU
		{96A7AC38-83DD-4A2E-8E78-4112A6F7A5AF}.AppStore|iPhone.ActiveCfg = Release|Any CPU
		{96A7AC38-83DD-4A2E-8E78-4112A6F7A5AF}.AppStore|iPhone.Build.0 = Release|Any CPU
		{96A7AC38-83DD-4A2E-8E78-4112A6F7A5AF}.AppStore|iPhoneSimulator.ActiveCfg = Release|Any CPU
		{96A7AC38-83DD-4A2E-8E78-4112A6F7A5AF}.AppStore|iPhoneSimulator.Build.0 = Release|Any CPU
		{96A7AC38-83DD-4A2E-8E78-4112A6F7A5AF}.AppStore|x64.ActiveCfg = Release|Any CPU
		{96A7AC38-83DD-4A2E-8E78-4112A6F7A5AF}.AppStore|x64.Build.0 = Release|Any CPU
		{96A7AC38-83DD-4A2E-8E78-4112A6F7A5AF}.AppStore|x86.ActiveCfg = Release|Any CPU
		{96A7AC38-83DD-4A2E-8E78-4112A6F7A5AF}.AppStore|x86.Build.0 = Release|Any CPU
		{96A7AC38-83DD-4A2E-8E78-4112A6F7A5AF}.Debug|Any CPU.ActiveCfg = Debug|Any CPU
		{96A7AC38-83DD-4A2E-8E78-4112A6F7A5AF}.Debug|Any CPU.Build.0 = Debug|Any CPU
		{96A7AC38-83DD-4A2E-8E78-4112A6F7A5AF}.Debug|ARM.ActiveCfg = Debug|Any CPU
		{96A7AC38-83DD-4A2E-8E78-4112A6F7A5AF}.Debug|ARM.Build.0 = Debug|Any CPU
		{96A7AC38-83DD-4A2E-8E78-4112A6F7A5AF}.Debug|iPhone.ActiveCfg = Debug|Any CPU
		{96A7AC38-83DD-4A2E-8E78-4112A6F7A5AF}.Debug|iPhone.Build.0 = Debug|Any CPU
		{96A7AC38-83DD-4A2E-8E78-4112A6F7A5AF}.Debug|iPhoneSimulator.ActiveCfg = Debug|Any CPU
		{96A7AC38-83DD-4A2E-8E78-4112A6F7A5AF}.Debug|iPhoneSimulator.Build.0 = Debug|Any CPU
		{96A7AC38-83DD-4A2E-8E78-4112A6F7A5AF}.Debug|x64.ActiveCfg = Debug|Any CPU
		{96A7AC38-83DD-4A2E-8E78-4112A6F7A5AF}.Debug|x64.Build.0 = Debug|Any CPU
		{96A7AC38-83DD-4A2E-8E78-4112A6F7A5AF}.Debug|x86.ActiveCfg = Debug|Any CPU
		{96A7AC38-83DD-4A2E-8E78-4112A6F7A5AF}.Debug|x86.Build.0 = Debug|Any CPU
		{96A7AC38-83DD-4A2E-8E78-4112A6F7A5AF}.Release|Any CPU.ActiveCfg = Release|Any CPU
		{96A7AC38-83DD-4A2E-8E78-4112A6F7A5AF}.Release|Any CPU.Build.0 = Release|Any CPU
		{96A7AC38-83DD-4A2E-8E78-4112A6F7A5AF}.Release|ARM.ActiveCfg = Release|Any CPU
		{96A7AC38-83DD-4A2E-8E78-4112A6F7A5AF}.Release|ARM.Build.0 = Release|Any CPU
		{96A7AC38-83DD-4A2E-8E78-4112A6F7A5AF}.Release|iPhone.ActiveCfg = Release|Any CPU
		{96A7AC38-83DD-4A2E-8E78-4112A6F7A5AF}.Release|iPhone.Build.0 = Release|Any CPU
		{96A7AC38-83DD-4A2E-8E78-4112A6F7A5AF}.Release|iPhoneSimulator.ActiveCfg = Release|Any CPU
		{96A7AC38-83DD-4A2E-8E78-4112A6F7A5AF}.Release|iPhoneSimulator.Build.0 = Release|Any CPU
		{96A7AC38-83DD-4A2E-8E78-4112A6F7A5AF}.Release|x64.ActiveCfg = Release|Any CPU
		{96A7AC38-83DD-4A2E-8E78-4112A6F7A5AF}.Release|x64.Build.0 = Release|Any CPU
		{96A7AC38-83DD-4A2E-8E78-4112A6F7A5AF}.Release|x86.ActiveCfg = Release|Any CPU
		{96A7AC38-83DD-4A2E-8E78-4112A6F7A5AF}.Release|x86.Build.0 = Release|Any CPU
		{870F4059-E21B-4A3E-A160-35336F7EDFDD}.Ad-Hoc|Any CPU.ActiveCfg = Release|Any CPU
		{870F4059-E21B-4A3E-A160-35336F7EDFDD}.Ad-Hoc|Any CPU.Build.0 = Release|Any CPU
		{870F4059-E21B-4A3E-A160-35336F7EDFDD}.Ad-Hoc|ARM.ActiveCfg = Release|Any CPU
		{870F4059-E21B-4A3E-A160-35336F7EDFDD}.Ad-Hoc|ARM.Build.0 = Release|Any CPU
		{870F4059-E21B-4A3E-A160-35336F7EDFDD}.Ad-Hoc|iPhone.ActiveCfg = Release|Any CPU
		{870F4059-E21B-4A3E-A160-35336F7EDFDD}.Ad-Hoc|iPhone.Build.0 = Release|Any CPU
		{870F4059-E21B-4A3E-A160-35336F7EDFDD}.Ad-Hoc|iPhoneSimulator.ActiveCfg = Release|Any CPU
		{870F4059-E21B-4A3E-A160-35336F7EDFDD}.Ad-Hoc|iPhoneSimulator.Build.0 = Release|Any CPU
		{870F4059-E21B-4A3E-A160-35336F7EDFDD}.Ad-Hoc|x64.ActiveCfg = Release|Any CPU
		{870F4059-E21B-4A3E-A160-35336F7EDFDD}.Ad-Hoc|x64.Build.0 = Release|Any CPU
		{870F4059-E21B-4A3E-A160-35336F7EDFDD}.Ad-Hoc|x86.ActiveCfg = Release|Any CPU
		{870F4059-E21B-4A3E-A160-35336F7EDFDD}.Ad-Hoc|x86.Build.0 = Release|Any CPU
		{870F4059-E21B-4A3E-A160-35336F7EDFDD}.AppStore|Any CPU.ActiveCfg = Release|Any CPU
		{870F4059-E21B-4A3E-A160-35336F7EDFDD}.AppStore|Any CPU.Build.0 = Release|Any CPU
		{870F4059-E21B-4A3E-A160-35336F7EDFDD}.AppStore|ARM.ActiveCfg = Release|Any CPU
		{870F4059-E21B-4A3E-A160-35336F7EDFDD}.AppStore|ARM.Build.0 = Release|Any CPU
		{870F4059-E21B-4A3E-A160-35336F7EDFDD}.AppStore|iPhone.ActiveCfg = Release|Any CPU
		{870F4059-E21B-4A3E-A160-35336F7EDFDD}.AppStore|iPhone.Build.0 = Release|Any CPU
		{870F4059-E21B-4A3E-A160-35336F7EDFDD}.AppStore|iPhoneSimulator.ActiveCfg = Release|Any CPU
		{870F4059-E21B-4A3E-A160-35336F7EDFDD}.AppStore|iPhoneSimulator.Build.0 = Release|Any CPU
		{870F4059-E21B-4A3E-A160-35336F7EDFDD}.AppStore|x64.ActiveCfg = Release|Any CPU
		{870F4059-E21B-4A3E-A160-35336F7EDFDD}.AppStore|x64.Build.0 = Release|Any CPU
		{870F4059-E21B-4A3E-A160-35336F7EDFDD}.AppStore|x86.ActiveCfg = Release|Any CPU
		{870F4059-E21B-4A3E-A160-35336F7EDFDD}.AppStore|x86.Build.0 = Release|Any CPU
		{870F4059-E21B-4A3E-A160-35336F7EDFDD}.Debug|Any CPU.ActiveCfg = Debug|Any CPU
		{870F4059-E21B-4A3E-A160-35336F7EDFDD}.Debug|Any CPU.Build.0 = Debug|Any CPU
		{870F4059-E21B-4A3E-A160-35336F7EDFDD}.Debug|ARM.ActiveCfg = Debug|Any CPU
		{870F4059-E21B-4A3E-A160-35336F7EDFDD}.Debug|ARM.Build.0 = Debug|Any CPU
		{870F4059-E21B-4A3E-A160-35336F7EDFDD}.Debug|iPhone.ActiveCfg = Debug|Any CPU
		{870F4059-E21B-4A3E-A160-35336F7EDFDD}.Debug|iPhone.Build.0 = Debug|Any CPU
		{870F4059-E21B-4A3E-A160-35336F7EDFDD}.Debug|iPhoneSimulator.ActiveCfg = Debug|Any CPU
		{870F4059-E21B-4A3E-A160-35336F7EDFDD}.Debug|iPhoneSimulator.Build.0 = Debug|Any CPU
		{870F4059-E21B-4A3E-A160-35336F7EDFDD}.Debug|x64.ActiveCfg = Debug|Any CPU
		{870F4059-E21B-4A3E-A160-35336F7EDFDD}.Debug|x64.Build.0 = Debug|Any CPU
		{870F4059-E21B-4A3E-A160-35336F7EDFDD}.Debug|x86.ActiveCfg = Debug|Any CPU
		{870F4059-E21B-4A3E-A160-35336F7EDFDD}.Debug|x86.Build.0 = Debug|Any CPU
		{870F4059-E21B-4A3E-A160-35336F7EDFDD}.Release|Any CPU.ActiveCfg = Release|Any CPU
		{870F4059-E21B-4A3E-A160-35336F7EDFDD}.Release|Any CPU.Build.0 = Release|Any CPU
		{870F4059-E21B-4A3E-A160-35336F7EDFDD}.Release|ARM.ActiveCfg = Release|Any CPU
		{870F4059-E21B-4A3E-A160-35336F7EDFDD}.Release|ARM.Build.0 = Release|Any CPU
		{870F4059-E21B-4A3E-A160-35336F7EDFDD}.Release|iPhone.ActiveCfg = Release|Any CPU
		{870F4059-E21B-4A3E-A160-35336F7EDFDD}.Release|iPhone.Build.0 = Release|Any CPU
		{870F4059-E21B-4A3E-A160-35336F7EDFDD}.Release|iPhoneSimulator.ActiveCfg = Release|Any CPU
		{870F4059-E21B-4A3E-A160-35336F7EDFDD}.Release|iPhoneSimulator.Build.0 = Release|Any CPU
		{870F4059-E21B-4A3E-A160-35336F7EDFDD}.Release|x64.ActiveCfg = Release|Any CPU
		{870F4059-E21B-4A3E-A160-35336F7EDFDD}.Release|x64.Build.0 = Release|Any CPU
		{870F4059-E21B-4A3E-A160-35336F7EDFDD}.Release|x86.ActiveCfg = Release|Any CPU
		{870F4059-E21B-4A3E-A160-35336F7EDFDD}.Release|x86.Build.0 = Release|Any CPU
	EndGlobalSection
	GlobalSection(SolutionProperties) = preSolution
		HideSolutionNode = FALSE
	EndGlobalSection
	GlobalSection(NestedProjects) = preSolution
		{FCC12810-6A10-4E12-9CC1-6E13C51D8D37} = {607B2C53-FC61-4D21-B16C-8615A2583239}
		{7B9E0621-466C-43D1-AE95-4AAB9C785175} = {607B2C53-FC61-4D21-B16C-8615A2583239}
		{E0EC8FA5-E701-49EE-B901-E015B16684EF} = {607B2C53-FC61-4D21-B16C-8615A2583239}
		{4EA62EEF-F245-4366-A79C-E6206F763B94} = {607B2C53-FC61-4D21-B16C-8615A2583239}
		{DB270809-C994-4630-84DD-A89B46812909} = {607B2C53-FC61-4D21-B16C-8615A2583239}
		{96A7AC38-83DD-4A2E-8E78-4112A6F7A5AF} = {607B2C53-FC61-4D21-B16C-8615A2583239}
	EndGlobalSection
	GlobalSection(ExtensibilityGlobals) = postSolution
		EnterpriseLibraryConfigurationToolBinariesPathV6 = packages\EnterpriseLibrary.TransientFaultHandling.6.0.1304.0\lib\portable-net45+win+wp8
	EndGlobalSection
EndGlobal
