
Microsoft Visual Studio Solution File, Format Version 12.00
# Visual Studio 15
VisualStudioVersion = 15.0.26430.13
MinimumVisualStudioVersion = 10.0.40219.1
Project("{FAE04EC0-301F-11D3-BF4B-00C04F79EFBC}") = "Sensor", "Sensor\Sensor.csproj", "{1806F210-0DDC-4D90-BBE1-23E7FA7EFAC4}"
EndProject
Project("{FAE04EC0-301F-11D3-BF4B-00C04F79EFBC}") = "EventHubReceiver", "EventHubReceiver\EventHubReceiver.csproj", "{C43A275B-296B-477C-A023-17B5F9BCFD9F}"
EndProject
Global
	GlobalSection(SolutionConfigurationPlatforms) = preSolution
		Debug|Any CPU = Debug|Any CPU
		Release|Any CPU = Release|Any CPU
	EndGlobalSection
	GlobalSection(ProjectConfigurationPlatforms) = postSolution
		{1806F210-0DDC-4D90-BBE1-23E7FA7EFAC4}.Debug|Any CPU.ActiveCfg = Debug|Any CPU
		{1806F210-0DDC-4D90-BBE1-23E7FA7EFAC4}.Debug|Any CPU.Build.0 = Debug|Any CPU
		{1806F210-0DDC-4D90-BBE1-23E7FA7EFAC4}.Release|Any CPU.ActiveCfg = Release|Any CPU
		{1806F210-0DDC-4D90-BBE1-23E7FA7EFAC4}.Release|Any CPU.Build.0 = Release|Any CPU
		{C43A275B-296B-477C-A023-17B5F9BCFD9F}.Debug|Any CPU.ActiveCfg = Debug|Any CPU
		{C43A275B-296B-477C-A023-17B5F9BCFD9F}.Debug|Any CPU.Build.0 = Debug|Any CPU
		{C43A275B-296B-477C-A023-17B5F9BCFD9F}.Release|Any CPU.ActiveCfg = Release|Any CPU
		{C43A275B-296B-477C-A023-17B5F9BCFD9F}.Release|Any CPU.Build.0 = Release|Any CPU
	EndGlobalSection
	GlobalSection(SolutionProperties) = preSolution
		HideSolutionNode = FALSE
	EndGlobalSection
EndGlobal
